
Microsoft Visual Studio Solution File, Format Version 12.00
# Visual Studio 2012
Project("{FAE04EC0-301F-11D3-BF4B-00C04F79EFBC}") = "lingxianWebservice", "lingxianWebservice.csproj", "{0DA9545C-A98A-48D8-B4C8-50EA66C867BD}"
EndProject
Global
	GlobalSection(SolutionConfigurationPlatforms) = preSolution
		Debug|Any CPU = Debug|Any CPU
		Release|Any CPU = Release|Any CPU
	EndGlobalSection
	GlobalSection(ProjectConfigurationPlatforms) = postSolution
		{0DA9545C-A98A-48D8-B4C8-50EA66C867BD}.Debug|Any CPU.ActiveCfg = Debug|Any CPU
		{0DA9545C-A98A-48D8-B4C8-50EA66C867BD}.Debug|Any CPU.Build.0 = Debug|Any CPU
		{0DA9545C-A98A-48D8-B4C8-50EA66C867BD}.Release|Any CPU.ActiveCfg = Release|Any CPU
		{0DA9545C-A98A-48D8-B4C8-50EA66C867BD}.Release|Any CPU.Build.0 = Release|Any CPU
	EndGlobalSection
	GlobalSection(SolutionProperties) = preSolution
		HideSolutionNode = FALSE
	EndGlobalSection
EndGlobal
